// !$*UTF8*$!
{
	archiveVersion = 1;
	classes = {
	};
	objectVersion = 54;
	objects = {

/* Begin PBXBuildFile section */
		00E356F31AD99517003FC87E /* travelAppTests.m in Sources */ = {isa = PBXBuildFile; fileRef = 00E356F21AD99517003FC87E /* travelAppTests.m */; };
		13B07FBC1A68108700A75B9A /* AppDelegate.m in Sources */ = {isa = PBXBuildFile; fileRef = 13B07FB01A68108700A75B9A /* AppDelegate.m */; };
		13B07FBF1A68108700A75B9A /* Images.xcassets in Resources */ = {isa = PBXBuildFile; fileRef = 13B07FB51A68108700A75B9A /* Images.xcassets */; };
		13B07FC11A68108700A75B9A /* main.m in Sources */ = {isa = PBXBuildFile; fileRef = 13B07FB71A68108700A75B9A /* main.m */; };
		81AB9BB82411601600AC10FF /* LaunchScreen.storyboard in Resources */ = {isa = PBXBuildFile; fileRef = 81AB9BB72411601600AC10FF /* LaunchScreen.storyboard */; };
		14E7E964179F463E81B1EA9E /* Mulish-Black.ttf in Resources */ = {isa = PBXBuildFile; fileRef = A576B8A56BDB42A58D201243 /* Mulish-Black.ttf */; };
		68B29EF42DD94D5CBEF98EAD /* Mulish-BlackItalic.ttf in Resources */ = {isa = PBXBuildFile; fileRef = F384377D839244DFA9C9A054 /* Mulish-BlackItalic.ttf */; };
		85F31479FD774B4AA1FC4E76 /* Mulish-Bold.ttf in Resources */ = {isa = PBXBuildFile; fileRef = 6EADC57A735B40648069DBC3 /* Mulish-Bold.ttf */; };
		9D0DF9EEACC14EDFA1CC8B73 /* Mulish-BoldItalic.ttf in Resources */ = {isa = PBXBuildFile; fileRef = 8397D450EE6C48B094AC2972 /* Mulish-BoldItalic.ttf */; };
		43BEDEA664334EB28FE6528B /* Mulish-ExtraBold.ttf in Resources */ = {isa = PBXBuildFile; fileRef = BF11503B4F9B4B91B77F0625 /* Mulish-ExtraBold.ttf */; };
		DFF78DFA46C648C2ACE1F67C /* Mulish-ExtraBoldItalic.ttf in Resources */ = {isa = PBXBuildFile; fileRef = 0729321E9419408D92F46514 /* Mulish-ExtraBoldItalic.ttf */; };
		18C051858805438B874D37B7 /* Mulish-ExtraLight.ttf in Resources */ = {isa = PBXBuildFile; fileRef = 661B56E849B54917A56C5417 /* Mulish-ExtraLight.ttf */; };
		9C5A4C1454EE4A7B840FDCB5 /* Mulish-ExtraLightItalic.ttf in Resources */ = {isa = PBXBuildFile; fileRef = 27F3BC62C1404CA2BB4B899D /* Mulish-ExtraLightItalic.ttf */; };
		3F8FD444CEBF44799E4AF39A /* Mulish-Italic.ttf in Resources */ = {isa = PBXBuildFile; fileRef = 5BC47FFED484461EB39C9FA3 /* Mulish-Italic.ttf */; };
		D7D620E3F5BA4458B9B5760B /* Mulish-Light.ttf in Resources */ = {isa = PBXBuildFile; fileRef = FB6D5B78F902494980DBE6C6 /* Mulish-Light.ttf */; };
		1787EC41027C4F279F70E27B /* Mulish-LightItalic.ttf in Resources */ = {isa = PBXBuildFile; fileRef = A90F8E828B2A4294BE041E25 /* Mulish-LightItalic.ttf */; };
		7AE77C10D8AA42948811A879 /* Mulish-Medium.ttf in Resources */ = {isa = PBXBuildFile; fileRef = 700251533CB24052BDD32E15 /* Mulish-Medium.ttf */; };
		D0630CD3B5DF4CDC807E4748 /* Mulish-MediumItalic.ttf in Resources */ = {isa = PBXBuildFile; fileRef = 9FAEAA9362CB431A9D924668 /* Mulish-MediumItalic.ttf */; };
		9F78E9741CC344EEB91EEF69 /* Mulish-Regular.ttf in Resources */ = {isa = PBXBuildFile; fileRef = 33B5DEAF4177465D8F1A5BE9 /* Mulish-Regular.ttf */; };
		C2BAF016339040C8BEBAE378 /* Mulish-SemiBold.ttf in Resources */ = {isa = PBXBuildFile; fileRef = C8544F4622BB4782BBBA86CE /* Mulish-SemiBold.ttf */; };
		9310FB4FB3EC4F48BE83B337 /* Mulish-SemiBoldItalic.ttf in Resources */ = {isa = PBXBuildFile; fileRef = 7D3E44B2A05D453893947CC7 /* Mulish-SemiBoldItalic.ttf */; };
		A0AEE05024AB4AE0980D040A /* MontserratAlternates-Black.ttf in Resources */ = {isa = PBXBuildFile; fileRef = FBD5F1D23731473F96BC5E60 /* MontserratAlternates-Black.ttf */; };
		3B9260BD98974073AC47CD12 /* MontserratAlternates-BlackItalic.ttf in Resources */ = {isa = PBXBuildFile; fileRef = 50CA9DD221724D4BBCC8F53E /* MontserratAlternates-BlackItalic.ttf */; };
		0173B0C3321646C3810E2F83 /* MontserratAlternates-Bold.ttf in Resources */ = {isa = PBXBuildFile; fileRef = AAD0CEA5E1FD40779EA6261C /* MontserratAlternates-Bold.ttf */; };
		F6B2F1ECB757495E8ACD7EF3 /* MontserratAlternates-BoldItalic.ttf in Resources */ = {isa = PBXBuildFile; fileRef = F4C9373665034A478D4E3435 /* MontserratAlternates-BoldItalic.ttf */; };
		680DB9EA4E4A4AD79F498ECA /* MontserratAlternates-ExtraBold.ttf in Resources */ = {isa = PBXBuildFile; fileRef = EEEB5B3883F349DD9E688DCF /* MontserratAlternates-ExtraBold.ttf */; };
		9E120C70EA3742FD89FF7478 /* MontserratAlternates-ExtraBoldItalic.ttf in Resources */ = {isa = PBXBuildFile; fileRef = AFA2C1F8E7F641258B221D4F /* MontserratAlternates-ExtraBoldItalic.ttf */; };
		FADC4FD8E27D4C1BADD3E5EE /* MontserratAlternates-ExtraLight.ttf in Resources */ = {isa = PBXBuildFile; fileRef = DD565ADA674F417C804F24C6 /* MontserratAlternates-ExtraLight.ttf */; };
		602D0A4D849E4568B415C031 /* MontserratAlternates-ExtraLightItalic.ttf in Resources */ = {isa = PBXBuildFile; fileRef = 1ED77AD8BD874E0C8D7957AE /* MontserratAlternates-ExtraLightItalic.ttf */; };
		D7123721BDDD4EE9A64576CB /* MontserratAlternates-Italic.ttf in Resources */ = {isa = PBXBuildFile; fileRef = 8E005147622E45D68CCE669A /* MontserratAlternates-Italic.ttf */; };
		67F33322F761426487E9B9C5 /* MontserratAlternates-Light.ttf in Resources */ = {isa = PBXBuildFile; fileRef = 9BC6C6A26AF4411BA99C8CDD /* MontserratAlternates-Light.ttf */; };
		27BF6114112B4A27BF9C0B2F /* MontserratAlternates-LightItalic.ttf in Resources */ = {isa = PBXBuildFile; fileRef = 374140CCA31A45C39E9EB9B2 /* MontserratAlternates-LightItalic.ttf */; };
		3BA2180ED43C4EDB94155D79 /* MontserratAlternates-Medium.ttf in Resources */ = {isa = PBXBuildFile; fileRef = 8D3E3155C0104E58B26C3265 /* MontserratAlternates-Medium.ttf */; };
		8C5DBC0CDDBA410BAF9A29E2 /* MontserratAlternates-MediumItalic.ttf in Resources */ = {isa = PBXBuildFile; fileRef = 75D1229D1049419E9BC66B10 /* MontserratAlternates-MediumItalic.ttf */; };
		43625493E5214AE8A1858761 /* MontserratAlternates-Regular.ttf in Resources */ = {isa = PBXBuildFile; fileRef = 5F50571644B84CE69932BE8E /* MontserratAlternates-Regular.ttf */; };
		775DC2B96DA04E018E993308 /* MontserratAlternates-SemiBold.ttf in Resources */ = {isa = PBXBuildFile; fileRef = F814FC5C5F714D15B57975F3 /* MontserratAlternates-SemiBold.ttf */; };
		155BDE7FC7D04100A3E191FC /* MontserratAlternates-SemiBoldItalic.ttf in Resources */ = {isa = PBXBuildFile; fileRef = 381298D81DC14E658E6BFFB7 /* MontserratAlternates-SemiBoldItalic.ttf */; };
		1C90569501234F15BFBAA236 /* MontserratAlternates-Thin.ttf in Resources */ = {isa = PBXBuildFile; fileRef = 309B7375F0F148A0A4E202EB /* MontserratAlternates-Thin.ttf */; };
		C01E0B90E9734F04A4B85D6D /* MontserratAlternates-ThinItalic.ttf in Resources */ = {isa = PBXBuildFile; fileRef = EC0C36203D78471DAF294C25 /* MontserratAlternates-ThinItalic.ttf */; };
/* End PBXBuildFile section */

/* Begin PBXContainerItemProxy section */
		00E356F41AD99517003FC87E /* PBXContainerItemProxy */ = {
			isa = PBXContainerItemProxy;
			containerPortal = 83CBB9F71A601CBA00E9B192 /* Project object */;
			proxyType = 1;
			remoteGlobalIDString = 13B07F861A680F5B00A75B9A;
			remoteInfo = travelApp;
		};
/* End PBXContainerItemProxy section */

/* Begin PBXFileReference section */
		00E356EE1AD99517003FC87E /* travelAppTests.xctest */ = {isa = PBXFileReference; explicitFileType = wrapper.cfbundle; includeInIndex = 0; path = travelAppTests.xctest; sourceTree = BUILT_PRODUCTS_DIR; };
		00E356F11AD99517003FC87E /* Info.plist */ = {isa = PBXFileReference; lastKnownFileType = text.plist.xml; path = Info.plist; sourceTree = "<group>"; };
		00E356F21AD99517003FC87E /* travelAppTests.m */ = {isa = PBXFileReference; lastKnownFileType = sourcecode.c.objc; path = travelAppTests.m; sourceTree = "<group>"; };
		13B07F961A680F5B00A75B9A /* travelApp.app */ = {isa = PBXFileReference; explicitFileType = wrapper.application; includeInIndex = 0; path = travelApp.app; sourceTree = BUILT_PRODUCTS_DIR; };
		13B07FAF1A68108700A75B9A /* AppDelegate.h */ = {isa = PBXFileReference; fileEncoding = 4; lastKnownFileType = sourcecode.c.h; name = AppDelegate.h; path = travelApp/AppDelegate.h; sourceTree = "<group>"; };
		13B07FB01A68108700A75B9A /* AppDelegate.m */ = {isa = PBXFileReference; fileEncoding = 4; lastKnownFileType = sourcecode.c.objc; name = AppDelegate.m; path = travelApp/AppDelegate.m; sourceTree = "<group>"; };
		13B07FB51A68108700A75B9A /* Images.xcassets */ = {isa = PBXFileReference; lastKnownFileType = folder.assetcatalog; name = Images.xcassets; path = travelApp/Images.xcassets; sourceTree = "<group>"; };
		13B07FB61A68108700A75B9A /* Info.plist */ = {isa = PBXFileReference; fileEncoding = 4; lastKnownFileType = text.plist.xml; name = Info.plist; path = travelApp/Info.plist; sourceTree = "<group>"; };
		13B07FB71A68108700A75B9A /* main.m */ = {isa = PBXFileReference; fileEncoding = 4; lastKnownFileType = sourcecode.c.objc; name = main.m; path = travelApp/main.m; sourceTree = "<group>"; };
		81AB9BB72411601600AC10FF /* LaunchScreen.storyboard */ = {isa = PBXFileReference; fileEncoding = 4; lastKnownFileType = file.storyboard; name = LaunchScreen.storyboard; path = travelApp/LaunchScreen.storyboard; sourceTree = "<group>"; };
		ED297162215061F000B7C4FE /* JavaScriptCore.framework */ = {isa = PBXFileReference; lastKnownFileType = wrapper.framework; name = JavaScriptCore.framework; path = System/Library/Frameworks/JavaScriptCore.framework; sourceTree = SDKROOT; };
		A576B8A56BDB42A58D201243 /* Mulish-Black.ttf */ = {isa = PBXFileReference; name = "Mulish-Black.ttf"; path = "../assets/fonts/Mulish-Black.ttf"; sourceTree = "<group>"; fileEncoding = undefined; lastKnownFileType = unknown; explicitFileType = undefined; includeInIndex = 0; };
		F384377D839244DFA9C9A054 /* Mulish-BlackItalic.ttf */ = {isa = PBXFileReference; name = "Mulish-BlackItalic.ttf"; path = "../assets/fonts/Mulish-BlackItalic.ttf"; sourceTree = "<group>"; fileEncoding = undefined; lastKnownFileType = unknown; explicitFileType = undefined; includeInIndex = 0; };
		6EADC57A735B40648069DBC3 /* Mulish-Bold.ttf */ = {isa = PBXFileReference; name = "Mulish-Bold.ttf"; path = "../assets/fonts/Mulish-Bold.ttf"; sourceTree = "<group>"; fileEncoding = undefined; lastKnownFileType = unknown; explicitFileType = undefined; includeInIndex = 0; };
		8397D450EE6C48B094AC2972 /* Mulish-BoldItalic.ttf */ = {isa = PBXFileReference; name = "Mulish-BoldItalic.ttf"; path = "../assets/fonts/Mulish-BoldItalic.ttf"; sourceTree = "<group>"; fileEncoding = undefined; lastKnownFileType = unknown; explicitFileType = undefined; includeInIndex = 0; };
		BF11503B4F9B4B91B77F0625 /* Mulish-ExtraBold.ttf */ = {isa = PBXFileReference; name = "Mulish-ExtraBold.ttf"; path = "../assets/fonts/Mulish-ExtraBold.ttf"; sourceTree = "<group>"; fileEncoding = undefined; lastKnownFileType = unknown; explicitFileType = undefined; includeInIndex = 0; };
		0729321E9419408D92F46514 /* Mulish-ExtraBoldItalic.ttf */ = {isa = PBXFileReference; name = "Mulish-ExtraBoldItalic.ttf"; path = "../assets/fonts/Mulish-ExtraBoldItalic.ttf"; sourceTree = "<group>"; fileEncoding = undefined; lastKnownFileType = unknown; explicitFileType = undefined; includeInIndex = 0; };
		661B56E849B54917A56C5417 /* Mulish-ExtraLight.ttf */ = {isa = PBXFileReference; name = "Mulish-ExtraLight.ttf"; path = "../assets/fonts/Mulish-ExtraLight.ttf"; sourceTree = "<group>"; fileEncoding = undefined; lastKnownFileType = unknown; explicitFileType = undefined; includeInIndex = 0; };
		27F3BC62C1404CA2BB4B899D /* Mulish-ExtraLightItalic.ttf */ = {isa = PBXFileReference; name = "Mulish-ExtraLightItalic.ttf"; path = "../assets/fonts/Mulish-ExtraLightItalic.ttf"; sourceTree = "<group>"; fileEncoding = undefined; lastKnownFileType = unknown; explicitFileType = undefined; includeInIndex = 0; };
		5BC47FFED484461EB39C9FA3 /* Mulish-Italic.ttf */ = {isa = PBXFileReference; name = "Mulish-Italic.ttf"; path = "../assets/fonts/Mulish-Italic.ttf"; sourceTree = "<group>"; fileEncoding = undefined; lastKnownFileType = unknown; explicitFileType = undefined; includeInIndex = 0; };
		FB6D5B78F902494980DBE6C6 /* Mulish-Light.ttf */ = {isa = PBXFileReference; name = "Mulish-Light.ttf"; path = "../assets/fonts/Mulish-Light.ttf"; sourceTree = "<group>"; fileEncoding = undefined; lastKnownFileType = unknown; explicitFileType = undefined; includeInIndex = 0; };
		A90F8E828B2A4294BE041E25 /* Mulish-LightItalic.ttf */ = {isa = PBXFileReference; name = "Mulish-LightItalic.ttf"; path = "../assets/fonts/Mulish-LightItalic.ttf"; sourceTree = "<group>"; fileEncoding = undefined; lastKnownFileType = unknown; explicitFileType = undefined; includeInIndex = 0; };
		700251533CB24052BDD32E15 /* Mulish-Medium.ttf */ = {isa = PBXFileReference; name = "Mulish-Medium.ttf"; path = "../assets/fonts/Mulish-Medium.ttf"; sourceTree = "<group>"; fileEncoding = undefined; lastKnownFileType = unknown; explicitFileType = undefined; includeInIndex = 0; };
		9FAEAA9362CB431A9D924668 /* Mulish-MediumItalic.ttf */ = {isa = PBXFileReference; name = "Mulish-MediumItalic.ttf"; path = "../assets/fonts/Mulish-MediumItalic.ttf"; sourceTree = "<group>"; fileEncoding = undefined; lastKnownFileType = unknown; explicitFileType = undefined; includeInIndex = 0; };
		33B5DEAF4177465D8F1A5BE9 /* Mulish-Regular.ttf */ = {isa = PBXFileReference; name = "Mulish-Regular.ttf"; path = "../assets/fonts/Mulish-Regular.ttf"; sourceTree = "<group>"; fileEncoding = undefined; lastKnownFileType = unknown; explicitFileType = undefined; includeInIndex = 0; };
		C8544F4622BB4782BBBA86CE /* Mulish-SemiBold.ttf */ = {isa = PBXFileReference; name = "Mulish-SemiBold.ttf"; path = "../assets/fonts/Mulish-SemiBold.ttf"; sourceTree = "<group>"; fileEncoding = undefined; lastKnownFileType = unknown; explicitFileType = undefined; includeInIndex = 0; };
		7D3E44B2A05D453893947CC7 /* Mulish-SemiBoldItalic.ttf */ = {isa = PBXFileReference; name = "Mulish-SemiBoldItalic.ttf"; path = "../assets/fonts/Mulish-SemiBoldItalic.ttf"; sourceTree = "<group>"; fileEncoding = undefined; lastKnownFileType = unknown; explicitFileType = undefined; includeInIndex = 0; };
		FBD5F1D23731473F96BC5E60 /* MontserratAlternates-Black.ttf */ = {isa = PBXFileReference; name = "MontserratAlternates-Black.ttf"; path = "../assets/fonts/MontserratAlternates-Black.ttf"; sourceTree = "<group>"; fileEncoding = undefined; lastKnownFileType = unknown; explicitFileType = undefined; includeInIndex = 0; };
		50CA9DD221724D4BBCC8F53E /* MontserratAlternates-BlackItalic.ttf */ = {isa = PBXFileReference; name = "MontserratAlternates-BlackItalic.ttf"; path = "../assets/fonts/MontserratAlternates-BlackItalic.ttf"; sourceTree = "<group>"; fileEncoding = undefined; lastKnownFileType = unknown; explicitFileType = undefined; includeInIndex = 0; };
		AAD0CEA5E1FD40779EA6261C /* MontserratAlternates-Bold.ttf */ = {isa = PBXFileReference; name = "MontserratAlternates-Bold.ttf"; path = "../assets/fonts/MontserratAlternates-Bold.ttf"; sourceTree = "<group>"; fileEncoding = undefined; lastKnownFileType = unknown; explicitFileType = undefined; includeInIndex = 0; };
		F4C9373665034A478D4E3435 /* MontserratAlternates-BoldItalic.ttf */ = {isa = PBXFileReference; name = "MontserratAlternates-BoldItalic.ttf"; path = "../assets/fonts/MontserratAlternates-BoldItalic.ttf"; sourceTree = "<group>"; fileEncoding = undefined; lastKnownFileType = unknown; explicitFileType = undefined; includeInIndex = 0; };
		EEEB5B3883F349DD9E688DCF /* MontserratAlternates-ExtraBold.ttf */ = {isa = PBXFileReference; name = "MontserratAlternates-ExtraBold.ttf"; path = "../assets/fonts/MontserratAlternates-ExtraBold.ttf"; sourceTree = "<group>"; fileEncoding = undefined; lastKnownFileType = unknown; explicitFileType = undefined; includeInIndex = 0; };
		AFA2C1F8E7F641258B221D4F /* MontserratAlternates-ExtraBoldItalic.ttf */ = {isa = PBXFileReference; name = "MontserratAlternates-ExtraBoldItalic.ttf"; path = "../assets/fonts/MontserratAlternates-ExtraBoldItalic.ttf"; sourceTree = "<group>"; fileEncoding = undefined; lastKnownFileType = unknown; explicitFileType = undefined; includeInIndex = 0; };
		DD565ADA674F417C804F24C6 /* MontserratAlternates-ExtraLight.ttf */ = {isa = PBXFileReference; name = "MontserratAlternates-ExtraLight.ttf"; path = "../assets/fonts/MontserratAlternates-ExtraLight.ttf"; sourceTree = "<group>"; fileEncoding = undefined; lastKnownFileType = unknown; explicitFileType = undefined; includeInIndex = 0; };
		1ED77AD8BD874E0C8D7957AE /* MontserratAlternates-ExtraLightItalic.ttf */ = {isa = PBXFileReference; name = "MontserratAlternates-ExtraLightItalic.ttf"; path = "../assets/fonts/MontserratAlternates-ExtraLightItalic.ttf"; sourceTree = "<group>"; fileEncoding = undefined; lastKnownFileType = unknown; explicitFileType = undefined; includeInIndex = 0; };
		8E005147622E45D68CCE669A /* MontserratAlternates-Italic.ttf */ = {isa = PBXFileReference; name = "MontserratAlternates-Italic.ttf"; path = "../assets/fonts/MontserratAlternates-Italic.ttf"; sourceTree = "<group>"; fileEncoding = undefined; lastKnownFileType = unknown; explicitFileType = undefined; includeInIndex = 0; };
		9BC6C6A26AF4411BA99C8CDD /* MontserratAlternates-Light.ttf */ = {isa = PBXFileReference; name = "MontserratAlternates-Light.ttf"; path = "../assets/fonts/MontserratAlternates-Light.ttf"; sourceTree = "<group>"; fileEncoding = undefined; lastKnownFileType = unknown; explicitFileType = undefined; includeInIndex = 0; };
		374140CCA31A45C39E9EB9B2 /* MontserratAlternates-LightItalic.ttf */ = {isa = PBXFileReference; name = "MontserratAlternates-LightItalic.ttf"; path = "../assets/fonts/MontserratAlternates-LightItalic.ttf"; sourceTree = "<group>"; fileEncoding = undefined; lastKnownFileType = unknown; explicitFileType = undefined; includeInIndex = 0; };
		8D3E3155C0104E58B26C3265 /* MontserratAlternates-Medium.ttf */ = {isa = PBXFileReference; name = "MontserratAlternates-Medium.ttf"; path = "../assets/fonts/MontserratAlternates-Medium.ttf"; sourceTree = "<group>"; fileEncoding = undefined; lastKnownFileType = unknown; explicitFileType = undefined; includeInIndex = 0; };
		75D1229D1049419E9BC66B10 /* MontserratAlternates-MediumItalic.ttf */ = {isa = PBXFileReference; name = "MontserratAlternates-MediumItalic.ttf"; path = "../assets/fonts/MontserratAlternates-MediumItalic.ttf"; sourceTree = "<group>"; fileEncoding = undefined; lastKnownFileType = unknown; explicitFileType = undefined; includeInIndex = 0; };
		5F50571644B84CE69932BE8E /* MontserratAlternates-Regular.ttf */ = {isa = PBXFileReference; name = "MontserratAlternates-Regular.ttf"; path = "../assets/fonts/MontserratAlternates-Regular.ttf"; sourceTree = "<group>"; fileEncoding = undefined; lastKnownFileType = unknown; explicitFileType = undefined; includeInIndex = 0; };
		F814FC5C5F714D15B57975F3 /* MontserratAlternates-SemiBold.ttf */ = {isa = PBXFileReference; name = "MontserratAlternates-SemiBold.ttf"; path = "../assets/fonts/MontserratAlternates-SemiBold.ttf"; sourceTree = "<group>"; fileEncoding = undefined; lastKnownFileType = unknown; explicitFileType = undefined; includeInIndex = 0; };
		381298D81DC14E658E6BFFB7 /* MontserratAlternates-SemiBoldItalic.ttf */ = {isa = PBXFileReference; name = "MontserratAlternates-SemiBoldItalic.ttf"; path = "../assets/fonts/MontserratAlternates-SemiBoldItalic.ttf"; sourceTree = "<group>"; fileEncoding = undefined; lastKnownFileType = unknown; explicitFileType = undefined; includeInIndex = 0; };
		309B7375F0F148A0A4E202EB /* MontserratAlternates-Thin.ttf */ = {isa = PBXFileReference; name = "MontserratAlternates-Thin.ttf"; path = "../assets/fonts/MontserratAlternates-Thin.ttf"; sourceTree = "<group>"; fileEncoding = undefined; lastKnownFileType = unknown; explicitFileType = undefined; includeInIndex = 0; };
		EC0C36203D78471DAF294C25 /* MontserratAlternates-ThinItalic.ttf */ = {isa = PBXFileReference; name = "MontserratAlternates-ThinItalic.ttf"; path = "../assets/fonts/MontserratAlternates-ThinItalic.ttf"; sourceTree = "<group>"; fileEncoding = undefined; lastKnownFileType = unknown; explicitFileType = undefined; includeInIndex = 0; };
/* End PBXFileReference section */

/* Begin PBXFrameworksBuildPhase section */
		00E356EB1AD99517003FC87E /* Frameworks */ = {
			isa = PBXFrameworksBuildPhase;
			buildActionMask = 2147483647;
			files = (
			);
			runOnlyForDeploymentPostprocessing = 0;
		};
		13B07F8C1A680F5B00A75B9A /* Frameworks */ = {
			isa = PBXFrameworksBuildPhase;
			buildActionMask = 2147483647;
			files = (
			);
			runOnlyForDeploymentPostprocessing = 0;
		};
/* End PBXFrameworksBuildPhase section */

/* Begin PBXGroup section */
		00E356EF1AD99517003FC87E /* travelAppTests */ = {
			isa = PBXGroup;
			children = (
				00E356F21AD99517003FC87E /* travelAppTests.m */,
				00E356F01AD99517003FC87E /* Supporting Files */,
			);
			path = travelAppTests;
			sourceTree = "<group>";
		};
		00E356F01AD99517003FC87E /* Supporting Files */ = {
			isa = PBXGroup;
			children = (
				00E356F11AD99517003FC87E /* Info.plist */,
			);
			name = "Supporting Files";
			sourceTree = "<group>";
		};
		13B07FAE1A68108700A75B9A /* travelApp */ = {
			isa = PBXGroup;
			children = (
				13B07FAF1A68108700A75B9A /* AppDelegate.h */,
				13B07FB01A68108700A75B9A /* AppDelegate.m */,
				13B07FB51A68108700A75B9A /* Images.xcassets */,
				13B07FB61A68108700A75B9A /* Info.plist */,
				81AB9BB72411601600AC10FF /* LaunchScreen.storyboard */,
				13B07FB71A68108700A75B9A /* main.m */,
			);
			name = travelApp;
			sourceTree = "<group>";
		};
		2D16E6871FA4F8E400B85C8A /* Frameworks */ = {
			isa = PBXGroup;
			children = (
				ED297162215061F000B7C4FE /* JavaScriptCore.framework */,
			);
			name = Frameworks;
			sourceTree = "<group>";
		};
		832341AE1AAA6A7D00B99B32 /* Libraries */ = {
			isa = PBXGroup;
			children = (
			);
			name = Libraries;
			sourceTree = "<group>";
		};
		83CBB9F61A601CBA00E9B192 = {
			isa = PBXGroup;
			children = (
				13B07FAE1A68108700A75B9A /* travelApp */,
				832341AE1AAA6A7D00B99B32 /* Libraries */,
				00E356EF1AD99517003FC87E /* travelAppTests */,
				83CBBA001A601CBA00E9B192 /* Products */,
				2D16E6871FA4F8E400B85C8A /* Frameworks */,
				4A4C33FE505B427CA19CD50D /* Resources */,
			);
			indentWidth = 2;
			sourceTree = "<group>";
			tabWidth = 2;
			usesTabs = 0;
		};
		83CBBA001A601CBA00E9B192 /* Products */ = {
			isa = PBXGroup;
			children = (
				13B07F961A680F5B00A75B9A /* travelApp.app */,
				00E356EE1AD99517003FC87E /* travelAppTests.xctest */,
			);
			name = Products;
			sourceTree = "<group>";
		};
		4A4C33FE505B427CA19CD50D /* Resources */ = {
			isa = "PBXGroup";
			children = (
				A576B8A56BDB42A58D201243 /* Mulish-Black.ttf */,
				F384377D839244DFA9C9A054 /* Mulish-BlackItalic.ttf */,
				6EADC57A735B40648069DBC3 /* Mulish-Bold.ttf */,
				8397D450EE6C48B094AC2972 /* Mulish-BoldItalic.ttf */,
				BF11503B4F9B4B91B77F0625 /* Mulish-ExtraBold.ttf */,
				0729321E9419408D92F46514 /* Mulish-ExtraBoldItalic.ttf */,
				661B56E849B54917A56C5417 /* Mulish-ExtraLight.ttf */,
				27F3BC62C1404CA2BB4B899D /* Mulish-ExtraLightItalic.ttf */,
				5BC47FFED484461EB39C9FA3 /* Mulish-Italic.ttf */,
				FB6D5B78F902494980DBE6C6 /* Mulish-Light.ttf */,
				A90F8E828B2A4294BE041E25 /* Mulish-LightItalic.ttf */,
				700251533CB24052BDD32E15 /* Mulish-Medium.ttf */,
				9FAEAA9362CB431A9D924668 /* Mulish-MediumItalic.ttf */,
				33B5DEAF4177465D8F1A5BE9 /* Mulish-Regular.ttf */,
				C8544F4622BB4782BBBA86CE /* Mulish-SemiBold.ttf */,
				7D3E44B2A05D453893947CC7 /* Mulish-SemiBoldItalic.ttf */,
				FBD5F1D23731473F96BC5E60 /* MontserratAlternates-Black.ttf */,
				50CA9DD221724D4BBCC8F53E /* MontserratAlternates-BlackItalic.ttf */,
				AAD0CEA5E1FD40779EA6261C /* MontserratAlternates-Bold.ttf */,
				F4C9373665034A478D4E3435 /* MontserratAlternates-BoldItalic.ttf */,
				EEEB5B3883F349DD9E688DCF /* MontserratAlternates-ExtraBold.ttf */,
				AFA2C1F8E7F641258B221D4F /* MontserratAlternates-ExtraBoldItalic.ttf */,
				DD565ADA674F417C804F24C6 /* MontserratAlternates-ExtraLight.ttf */,
				1ED77AD8BD874E0C8D7957AE /* MontserratAlternates-ExtraLightItalic.ttf */,
				8E005147622E45D68CCE669A /* MontserratAlternates-Italic.ttf */,
				9BC6C6A26AF4411BA99C8CDD /* MontserratAlternates-Light.ttf */,
				374140CCA31A45C39E9EB9B2 /* MontserratAlternates-LightItalic.ttf */,
				8D3E3155C0104E58B26C3265 /* MontserratAlternates-Medium.ttf */,
				75D1229D1049419E9BC66B10 /* MontserratAlternates-MediumItalic.ttf */,
				5F50571644B84CE69932BE8E /* MontserratAlternates-Regular.ttf */,
				F814FC5C5F714D15B57975F3 /* MontserratAlternates-SemiBold.ttf */,
				381298D81DC14E658E6BFFB7 /* MontserratAlternates-SemiBoldItalic.ttf */,
				309B7375F0F148A0A4E202EB /* MontserratAlternates-Thin.ttf */,
				EC0C36203D78471DAF294C25 /* MontserratAlternates-ThinItalic.ttf */,
			);
			name = Resources;
			sourceTree = "<group>";
			path = "";
		};
/* End PBXGroup section */

/* Begin PBXNativeTarget section */
		00E356ED1AD99517003FC87E /* travelAppTests */ = {
			isa = PBXNativeTarget;
			buildConfigurationList = 00E357021AD99517003FC87E /* Build configuration list for PBXNativeTarget "travelAppTests" */;
			buildPhases = (
				00E356EA1AD99517003FC87E /* Sources */,
				00E356EB1AD99517003FC87E /* Frameworks */,
				00E356EC1AD99517003FC87E /* Resources */,
			);
			buildRules = (
			);
			dependencies = (
				00E356F51AD99517003FC87E /* PBXTargetDependency */,
			);
			name = travelAppTests;
			productName = travelAppTests;
			productReference = 00E356EE1AD99517003FC87E /* travelAppTests.xctest */;
			productType = "com.apple.product-type.bundle.unit-test";
		};
		13B07F861A680F5B00A75B9A /* travelApp */ = {
			isa = PBXNativeTarget;
			buildConfigurationList = 13B07F931A680F5B00A75B9A /* Build configuration list for PBXNativeTarget "travelApp" */;
			buildPhases = (
				FD10A7F022414F080027D42C /* Start Packager */,
				13B07F871A680F5B00A75B9A /* Sources */,
				13B07F8C1A680F5B00A75B9A /* Frameworks */,
				13B07F8E1A680F5B00A75B9A /* Resources */,
				00DD1BFF1BD5951E006B06BC /* Bundle React Native code and images */,
			);
			buildRules = (
			);
			dependencies = (
			);
			name = travelApp;
			productName = travelApp;
			productReference = 13B07F961A680F5B00A75B9A /* travelApp.app */;
			productType = "com.apple.product-type.application";
		};
/* End PBXNativeTarget section */

/* Begin PBXProject section */
		83CBB9F71A601CBA00E9B192 /* Project object */ = {
			isa = PBXProject;
			attributes = {
				LastUpgradeCheck = 1210;
				TargetAttributes = {
					00E356ED1AD99517003FC87E = {
						CreatedOnToolsVersion = 6.2;
						TestTargetID = 13B07F861A680F5B00A75B9A;
					};
					13B07F861A680F5B00A75B9A = {
						LastSwiftMigration = 1120;
					};
				};
			};
			buildConfigurationList = 83CBB9FA1A601CBA00E9B192 /* Build configuration list for PBXProject "travelApp" */;
			compatibilityVersion = "Xcode 12.0";
			developmentRegion = en;
			hasScannedForEncodings = 0;
			knownRegions = (
				en,
				Base,
			);
			mainGroup = 83CBB9F61A601CBA00E9B192;
			productRefGroup = 83CBBA001A601CBA00E9B192 /* Products */;
			projectDirPath = "";
			projectRoot = "";
			targets = (
				13B07F861A680F5B00A75B9A /* travelApp */,
				00E356ED1AD99517003FC87E /* travelAppTests */,
			);
		};
/* End PBXProject section */

/* Begin PBXResourcesBuildPhase section */
		00E356EC1AD99517003FC87E /* Resources */ = {
			isa = PBXResourcesBuildPhase;
			buildActionMask = 2147483647;
			files = (
			);
			runOnlyForDeploymentPostprocessing = 0;
		};
		13B07F8E1A680F5B00A75B9A /* Resources */ = {
			isa = PBXResourcesBuildPhase;
			buildActionMask = 2147483647;
			files = (
				81AB9BB82411601600AC10FF /* LaunchScreen.storyboard in Resources */,
				13B07FBF1A68108700A75B9A /* Images.xcassets in Resources */,
				14E7E964179F463E81B1EA9E /* Mulish-Black.ttf in Resources */,
				68B29EF42DD94D5CBEF98EAD /* Mulish-BlackItalic.ttf in Resources */,
				85F31479FD774B4AA1FC4E76 /* Mulish-Bold.ttf in Resources */,
				9D0DF9EEACC14EDFA1CC8B73 /* Mulish-BoldItalic.ttf in Resources */,
				43BEDEA664334EB28FE6528B /* Mulish-ExtraBold.ttf in Resources */,
				DFF78DFA46C648C2ACE1F67C /* Mulish-ExtraBoldItalic.ttf in Resources */,
				18C051858805438B874D37B7 /* Mulish-ExtraLight.ttf in Resources */,
				9C5A4C1454EE4A7B840FDCB5 /* Mulish-ExtraLightItalic.ttf in Resources */,
				3F8FD444CEBF44799E4AF39A /* Mulish-Italic.ttf in Resources */,
				D7D620E3F5BA4458B9B5760B /* Mulish-Light.ttf in Resources */,
				1787EC41027C4F279F70E27B /* Mulish-LightItalic.ttf in Resources */,
				7AE77C10D8AA42948811A879 /* Mulish-Medium.ttf in Resources */,
				D0630CD3B5DF4CDC807E4748 /* Mulish-MediumItalic.ttf in Resources */,
				9F78E9741CC344EEB91EEF69 /* Mulish-Regular.ttf in Resources */,
				C2BAF016339040C8BEBAE378 /* Mulish-SemiBold.ttf in Resources */,
				9310FB4FB3EC4F48BE83B337 /* Mulish-SemiBoldItalic.ttf in Resources */,
				A0AEE05024AB4AE0980D040A /* MontserratAlternates-Black.ttf in Resources */,
				3B9260BD98974073AC47CD12 /* MontserratAlternates-BlackItalic.ttf in Resources */,
				0173B0C3321646C3810E2F83 /* MontserratAlternates-Bold.ttf in Resources */,
				F6B2F1ECB757495E8ACD7EF3 /* MontserratAlternates-BoldItalic.ttf in Resources */,
				680DB9EA4E4A4AD79F498ECA /* MontserratAlternates-ExtraBold.ttf in Resources */,
				9E120C70EA3742FD89FF7478 /* MontserratAlternates-ExtraBoldItalic.ttf in Resources */,
				FADC4FD8E27D4C1BADD3E5EE /* MontserratAlternates-ExtraLight.ttf in Resources */,
				602D0A4D849E4568B415C031 /* MontserratAlternates-ExtraLightItalic.ttf in Resources */,
				D7123721BDDD4EE9A64576CB /* MontserratAlternates-Italic.ttf in Resources */,
				67F33322F761426487E9B9C5 /* MontserratAlternates-Light.ttf in Resources */,
				27BF6114112B4A27BF9C0B2F /* MontserratAlternates-LightItalic.ttf in Resources */,
				3BA2180ED43C4EDB94155D79 /* MontserratAlternates-Medium.ttf in Resources */,
				8C5DBC0CDDBA410BAF9A29E2 /* MontserratAlternates-MediumItalic.ttf in Resources */,
				43625493E5214AE8A1858761 /* MontserratAlternates-Regular.ttf in Resources */,
				775DC2B96DA04E018E993308 /* MontserratAlternates-SemiBold.ttf in Resources */,
				155BDE7FC7D04100A3E191FC /* MontserratAlternates-SemiBoldItalic.ttf in Resources */,
				1C90569501234F15BFBAA236 /* MontserratAlternates-Thin.ttf in Resources */,
				C01E0B90E9734F04A4B85D6D /* MontserratAlternates-ThinItalic.ttf in Resources */,
			);
			runOnlyForDeploymentPostprocessing = 0;
		};
/* End PBXResourcesBuildPhase section */

/* Begin PBXShellScriptBuildPhase section */
		00DD1BFF1BD5951E006B06BC /* Bundle React Native code and images */ = {
			isa = PBXShellScriptBuildPhase;
			buildActionMask = 2147483647;
			files = (
			);
			inputPaths = (
			);
			name = "Bundle React Native code and images";
			outputPaths = (
			);
			runOnlyForDeploymentPostprocessing = 0;
			shellPath = /bin/sh;
			shellScript = "set -e\n\nexport NODE_BINARY=node\n../node_modules/react-native/scripts/react-native-xcode.sh\n";
		};
		FD10A7F022414F080027D42C /* Start Packager */ = {
			isa = PBXShellScriptBuildPhase;
			buildActionMask = 2147483647;
			files = (
			);
			inputFileListPaths = (
			);
			inputPaths = (
			);
			name = "Start Packager";
			outputFileListPaths = (
			);
			outputPaths = (
			);
			runOnlyForDeploymentPostprocessing = 0;
			shellPath = /bin/sh;
			shellScript = "export RCT_METRO_PORT=\"${RCT_METRO_PORT:=8081}\"\necho \"export RCT_METRO_PORT=${RCT_METRO_PORT}\" > \"${SRCROOT}/../node_modules/react-native/scripts/.packager.env\"\nif [ -z \"${RCT_NO_LAUNCH_PACKAGER+xxx}\" ] ; then\n  if nc -w 5 -z localhost ${RCT_METRO_PORT} ; then\n    if ! curl -s \"http://localhost:${RCT_METRO_PORT}/status\" | grep -q \"packager-status:running\" ; then\n      echo \"Port ${RCT_METRO_PORT} already in use, packager is either not running or not running correctly\"\n      exit 2\n    fi\n  else\n    open \"$SRCROOT/../node_modules/react-native/scripts/launchPackager.command\" || echo \"Can't start packager automatically\"\n  fi\nfi\n";
			showEnvVarsInLog = 0;
		};
/* End PBXShellScriptBuildPhase section */

/* Begin PBXSourcesBuildPhase section */
		00E356EA1AD99517003FC87E /* Sources */ = {
			isa = PBXSourcesBuildPhase;
			buildActionMask = 2147483647;
			files = (
				00E356F31AD99517003FC87E /* travelAppTests.m in Sources */,
			);
			runOnlyForDeploymentPostprocessing = 0;
		};
		13B07F871A680F5B00A75B9A /* Sources */ = {
			isa = PBXSourcesBuildPhase;
			buildActionMask = 2147483647;
			files = (
				13B07FBC1A68108700A75B9A /* AppDelegate.m in Sources */,
				13B07FC11A68108700A75B9A /* main.m in Sources */,
			);
			runOnlyForDeploymentPostprocessing = 0;
		};
/* End PBXSourcesBuildPhase section */

/* Begin PBXTargetDependency section */
		00E356F51AD99517003FC87E /* PBXTargetDependency */ = {
			isa = PBXTargetDependency;
			target = 13B07F861A680F5B00A75B9A /* travelApp */;
			targetProxy = 00E356F41AD99517003FC87E /* PBXContainerItemProxy */;
		};
/* End PBXTargetDependency section */

/* Begin XCBuildConfiguration section */
		00E356F61AD99517003FC87E /* Debug */ = {
			isa = XCBuildConfiguration;
			buildSettings = {
				BUNDLE_LOADER = "$(TEST_HOST)";
				GCC_PREPROCESSOR_DEFINITIONS = (
					"DEBUG=1",
					"$(inherited)",
				);
				INFOPLIST_FILE = travelAppTests/Info.plist;
				IPHONEOS_DEPLOYMENT_TARGET = 11.0;
				LD_RUNPATH_SEARCH_PATHS = (
					"$(inherited)",
					"@executable_path/Frameworks",
					"@loader_path/Frameworks",
				);
				OTHER_LDFLAGS = (
					"-ObjC",
					"-lc++",
					"$(inherited)",
				);
				PRODUCT_BUNDLE_IDENTIFIER = "org.reactjs.native.example.$(PRODUCT_NAME:rfc1034identifier)";
				PRODUCT_NAME = "$(TARGET_NAME)";
				TEST_HOST = "$(BUILT_PRODUCTS_DIR)/travelApp.app/travelApp";
			};
			name = Debug;
		};
		00E356F71AD99517003FC87E /* Release */ = {
			isa = XCBuildConfiguration;
			buildSettings = {
				BUNDLE_LOADER = "$(TEST_HOST)";
				COPY_PHASE_STRIP = NO;
				INFOPLIST_FILE = travelAppTests/Info.plist;
				IPHONEOS_DEPLOYMENT_TARGET = 11.0;
				LD_RUNPATH_SEARCH_PATHS = (
					"$(inherited)",
					"@executable_path/Frameworks",
					"@loader_path/Frameworks",
				);
				OTHER_LDFLAGS = (
					"-ObjC",
					"-lc++",
					"$(inherited)",
				);
				PRODUCT_BUNDLE_IDENTIFIER = "org.reactjs.native.example.$(PRODUCT_NAME:rfc1034identifier)";
				PRODUCT_NAME = "$(TARGET_NAME)";
				TEST_HOST = "$(BUILT_PRODUCTS_DIR)/travelApp.app/travelApp";
			};
			name = Release;
		};
		13B07F941A680F5B00A75B9A /* Debug */ = {
			isa = XCBuildConfiguration;
			buildSettings = {
				ASSETCATALOG_COMPILER_APPICON_NAME = AppIcon;
				CLANG_ENABLE_MODULES = YES;
				CURRENT_PROJECT_VERSION = 1;
				ENABLE_BITCODE = NO;
				INFOPLIST_FILE = travelApp/Info.plist;
				LD_RUNPATH_SEARCH_PATHS = (
					"$(inherited)",
					"@executable_path/Frameworks",
				);
				OTHER_LDFLAGS = (
					"$(inherited)",
					"-ObjC",
					"-lc++",
				);
				PRODUCT_BUNDLE_IDENTIFIER = "org.reactjs.native.example.$(PRODUCT_NAME:rfc1034identifier)";
				PRODUCT_NAME = travelApp;
				SWIFT_OPTIMIZATION_LEVEL = "-Onone";
				SWIFT_VERSION = 5.0;
				VERSIONING_SYSTEM = "apple-generic";
			};
			name = Debug;
		};
		13B07F951A680F5B00A75B9A /* Release */ = {
			isa = XCBuildConfiguration;
			buildSettings = {
				ASSETCATALOG_COMPILER_APPICON_NAME = AppIcon;
				CLANG_ENABLE_MODULES = YES;
				CURRENT_PROJECT_VERSION = 1;
				INFOPLIST_FILE = travelApp/Info.plist;
				LD_RUNPATH_SEARCH_PATHS = (
					"$(inherited)",
					"@executable_path/Frameworks",
				);
				OTHER_LDFLAGS = (
					"$(inherited)",
					"-ObjC",
					"-lc++",
				);
				PRODUCT_BUNDLE_IDENTIFIER = "org.reactjs.native.example.$(PRODUCT_NAME:rfc1034identifier)";
				PRODUCT_NAME = travelApp;
				SWIFT_VERSION = 5.0;
				VERSIONING_SYSTEM = "apple-generic";
			};
			name = Release;
		};
		83CBBA201A601CBA00E9B192 /* Debug */ = {
			isa = XCBuildConfiguration;
			buildSettings = {
				ALWAYS_SEARCH_USER_PATHS = NO;
				CLANG_ANALYZER_LOCALIZABILITY_NONLOCALIZED = YES;
				CLANG_CXX_LANGUAGE_STANDARD = "gnu++0x";
				CLANG_CXX_LIBRARY = "libc++";
				CLANG_ENABLE_MODULES = YES;
				CLANG_ENABLE_OBJC_ARC = YES;
				CLANG_WARN_BLOCK_CAPTURE_AUTORELEASING = YES;
				CLANG_WARN_BOOL_CONVERSION = YES;
				CLANG_WARN_COMMA = YES;
				CLANG_WARN_CONSTANT_CONVERSION = YES;
				CLANG_WARN_DEPRECATED_OBJC_IMPLEMENTATIONS = YES;
				CLANG_WARN_DIRECT_OBJC_ISA_USAGE = YES_ERROR;
				CLANG_WARN_EMPTY_BODY = YES;
				CLANG_WARN_ENUM_CONVERSION = YES;
				CLANG_WARN_INFINITE_RECURSION = YES;
				CLANG_WARN_INT_CONVERSION = YES;
				CLANG_WARN_NON_LITERAL_NULL_CONVERSION = YES;
				CLANG_WARN_OBJC_IMPLICIT_RETAIN_SELF = YES;
				CLANG_WARN_OBJC_LITERAL_CONVERSION = YES;
				CLANG_WARN_OBJC_ROOT_CLASS = YES_ERROR;
				CLANG_WARN_QUOTED_INCLUDE_IN_FRAMEWORK_HEADER = YES;
				CLANG_WARN_RANGE_LOOP_ANALYSIS = YES;
				CLANG_WARN_STRICT_PROTOTYPES = YES;
				CLANG_WARN_SUSPICIOUS_MOVE = YES;
				CLANG_WARN_UNREACHABLE_CODE = YES;
				CLANG_WARN__DUPLICATE_METHOD_MATCH = YES;
				"CODE_SIGN_IDENTITY[sdk=iphoneos*]" = "iPhone Developer";
				COPY_PHASE_STRIP = NO;
				ENABLE_STRICT_OBJC_MSGSEND = YES;
				ENABLE_TESTABILITY = YES;
				GCC_C_LANGUAGE_STANDARD = gnu99;
				GCC_DYNAMIC_NO_PIC = NO;
				GCC_NO_COMMON_BLOCKS = YES;
				GCC_OPTIMIZATION_LEVEL = 0;
				GCC_PREPROCESSOR_DEFINITIONS = (
					"DEBUG=1",
					"$(inherited)",
				);
				GCC_SYMBOLS_PRIVATE_EXTERN = NO;
				GCC_WARN_64_TO_32_BIT_CONVERSION = YES;
				GCC_WARN_ABOUT_RETURN_TYPE = YES_ERROR;
				GCC_WARN_UNDECLARED_SELECTOR = YES;
				GCC_WARN_UNINITIALIZED_AUTOS = YES_AGGRESSIVE;
				GCC_WARN_UNUSED_FUNCTION = YES;
				GCC_WARN_UNUSED_VARIABLE = YES;
				IPHONEOS_DEPLOYMENT_TARGET = 11.0;
				LD_RUNPATH_SEARCH_PATHS = (
					/usr/lib/swift,
					"$(inherited)",
				);
				LIBRARY_SEARCH_PATHS = (
					"\"$(SDKROOT)/usr/lib/swift\"",
					"\"$(TOOLCHAIN_DIR)/usr/lib/swift/$(PLATFORM_NAME)\"",
					"\"$(TOOLCHAIN_DIR)/usr/lib/swift-5.0/$(PLATFORM_NAME)\"",
					"\"$(inherited)\"",
				);
				MTL_ENABLE_DEBUG_INFO = YES;
				ONLY_ACTIVE_ARCH = YES;
				SDKROOT = iphoneos;
			};
			name = Debug;
		};
		83CBBA211A601CBA00E9B192 /* Release */ = {
			isa = XCBuildConfiguration;
			buildSettings = {
				ALWAYS_SEARCH_USER_PATHS = NO;
				CLANG_ANALYZER_LOCALIZABILITY_NONLOCALIZED = YES;
				CLANG_CXX_LANGUAGE_STANDARD = "gnu++0x";
				CLANG_CXX_LIBRARY = "libc++";
				CLANG_ENABLE_MODULES = YES;
				CLANG_ENABLE_OBJC_ARC = YES;
				CLANG_WARN_BLOCK_CAPTURE_AUTORELEASING = YES;
				CLANG_WARN_BOOL_CONVERSION = YES;
				CLANG_WARN_COMMA = YES;
				CLANG_WARN_CONSTANT_CONVERSION = YES;
				CLANG_WARN_DEPRECATED_OBJC_IMPLEMENTATIONS = YES;
				CLANG_WARN_DIRECT_OBJC_ISA_USAGE = YES_ERROR;
				CLANG_WARN_EMPTY_BODY = YES;
				CLANG_WARN_ENUM_CONVERSION = YES;
				CLANG_WARN_INFINITE_RECURSION = YES;
				CLANG_WARN_INT_CONVERSION = YES;
				CLANG_WARN_NON_LITERAL_NULL_CONVERSION = YES;
				CLANG_WARN_OBJC_IMPLICIT_RETAIN_SELF = YES;
				CLANG_WARN_OBJC_LITERAL_CONVERSION = YES;
				CLANG_WARN_OBJC_ROOT_CLASS = YES_ERROR;
				CLANG_WARN_QUOTED_INCLUDE_IN_FRAMEWORK_HEADER = YES;
				CLANG_WARN_RANGE_LOOP_ANALYSIS = YES;
				CLANG_WARN_STRICT_PROTOTYPES = YES;
				CLANG_WARN_SUSPICIOUS_MOVE = YES;
				CLANG_WARN_UNREACHABLE_CODE = YES;
				CLANG_WARN__DUPLICATE_METHOD_MATCH = YES;
				"CODE_SIGN_IDENTITY[sdk=iphoneos*]" = "iPhone Developer";
				COPY_PHASE_STRIP = YES;
				ENABLE_NS_ASSERTIONS = NO;
				ENABLE_STRICT_OBJC_MSGSEND = YES;
				GCC_C_LANGUAGE_STANDARD = gnu99;
				GCC_NO_COMMON_BLOCKS = YES;
				GCC_WARN_64_TO_32_BIT_CONVERSION = YES;
				GCC_WARN_ABOUT_RETURN_TYPE = YES_ERROR;
				GCC_WARN_UNDECLARED_SELECTOR = YES;
				GCC_WARN_UNINITIALIZED_AUTOS = YES_AGGRESSIVE;
				GCC_WARN_UNUSED_FUNCTION = YES;
				GCC_WARN_UNUSED_VARIABLE = YES;
				IPHONEOS_DEPLOYMENT_TARGET = 11.0;
				LD_RUNPATH_SEARCH_PATHS = (
					/usr/lib/swift,
					"$(inherited)",
				);
				LIBRARY_SEARCH_PATHS = (
					"\"$(SDKROOT)/usr/lib/swift\"",
					"\"$(TOOLCHAIN_DIR)/usr/lib/swift/$(PLATFORM_NAME)\"",
					"\"$(TOOLCHAIN_DIR)/usr/lib/swift-5.0/$(PLATFORM_NAME)\"",
					"\"$(inherited)\"",
				);
				MTL_ENABLE_DEBUG_INFO = NO;
				SDKROOT = iphoneos;
				VALIDATE_PRODUCT = YES;
			};
			name = Release;
		};
/* End XCBuildConfiguration section */

/* Begin XCConfigurationList section */
		00E357021AD99517003FC87E /* Build configuration list for PBXNativeTarget "travelAppTests" */ = {
			isa = XCConfigurationList;
			buildConfigurations = (
				00E356F61AD99517003FC87E /* Debug */,
				00E356F71AD99517003FC87E /* Release */,
			);
			defaultConfigurationIsVisible = 0;
			defaultConfigurationName = Release;
		};
		13B07F931A680F5B00A75B9A /* Build configuration list for PBXNativeTarget "travelApp" */ = {
			isa = XCConfigurationList;
			buildConfigurations = (
				13B07F941A680F5B00A75B9A /* Debug */,
				13B07F951A680F5B00A75B9A /* Release */,
			);
			defaultConfigurationIsVisible = 0;
			defaultConfigurationName = Release;
		};
		83CBB9FA1A601CBA00E9B192 /* Build configuration list for PBXProject "travelApp" */ = {
			isa = XCConfigurationList;
			buildConfigurations = (
				83CBBA201A601CBA00E9B192 /* Debug */,
				83CBBA211A601CBA00E9B192 /* Release */,
			);
			defaultConfigurationIsVisible = 0;
			defaultConfigurationName = Release;
		};
/* End XCConfigurationList section */
	};
	rootObject = 83CBB9F71A601CBA00E9B192 /* Project object */;
}
